// !$*UTF8*$!
{
	archiveVersion = 1;
	classes = {
	};
	objectVersion = 46;
	objects = {

/* Begin PBXBuildFile section */
		A10BC1451C15B72D0053C6AF /* Calculator.swift in Sources */ = {isa = PBXBuildFile; fileRef = A10BC1441C15B72D0053C6AF /* Calculator.swift */; };
		A10BC1471C15BC510053C6AF /* AppApearance.swift in Sources */ = {isa = PBXBuildFile; fileRef = A10BC1461C15BC510053C6AF /* AppApearance.swift */; };
		A19FE6F91C1446C000215741 /* AppDelegate.swift in Sources */ = {isa = PBXBuildFile; fileRef = A19FE6F81C1446C000215741 /* AppDelegate.swift */; };
		A19FE6FB1C1446C000215741 /* ViewController.swift in Sources */ = {isa = PBXBuildFile; fileRef = A19FE6FA1C1446C000215741 /* ViewController.swift */; };
		A19FE6FE1C1446C000215741 /* Main.storyboard in Resources */ = {isa = PBXBuildFile; fileRef = A19FE6FC1C1446C000215741 /* Main.storyboard */; };
		A19FE7001C1446C000215741 /* Assets.xcassets in Resources */ = {isa = PBXBuildFile; fileRef = A19FE6FF1C1446C000215741 /* Assets.xcassets */; };
		A19FE7031C1446C000215741 /* LaunchScreen.storyboard in Resources */ = {isa = PBXBuildFile; fileRef = A19FE7011C1446C000215741 /* LaunchScreen.storyboard */; };
		A19FE70E1C1446C000215741 /* UnitTestExampleTests.swift in Sources */ = {isa = PBXBuildFile; fileRef = A19FE70D1C1446C000215741 /* UnitTestExampleTests.swift */; };
		A19FE7191C146A8500215741 /* ViewControllerTests.swift in Sources */ = {isa = PBXBuildFile; fileRef = A19FE7181C146A8500215741 /* ViewControllerTests.swift */; };
		A19FE71D1C146BFE00215741 /* CalculatorTests.swift in Sources */ = {isa = PBXBuildFile; fileRef = A19FE71C1C146BFE00215741 /* CalculatorTests.swift */; };
/* End PBXBuildFile section */

/* Begin PBXContainerItemProxy section */
		A19FE70A1C1446C000215741 /* PBXContainerItemProxy */ = {
			isa = PBXContainerItemProxy;
			containerPortal = A19FE6ED1C1446C000215741 /* Project object */;
			proxyType = 1;
			remoteGlobalIDString = A19FE6F41C1446C000215741;
			remoteInfo = UnitTestExample;
		};
/* End PBXContainerItemProxy section */

/* Begin PBXFileReference section */
		A10BC1441C15B72D0053C6AF /* Calculator.swift */ = {isa = PBXFileReference; fileEncoding = 4; lastKnownFileType = sourcecode.swift; path = Calculator.swift; sourceTree = "<group>"; };
		A10BC1461C15BC510053C6AF /* AppApearance.swift */ = {isa = PBXFileReference; fileEncoding = 4; lastKnownFileType = sourcecode.swift; path = AppApearance.swift; sourceTree = "<group>"; };
		A19FE6F51C1446C000215741 /* UnitTestExample.app */ = {isa = PBXFileReference; explicitFileType = wrapper.application; includeInIndex = 0; path = UnitTestExample.app; sourceTree = BUILT_PRODUCTS_DIR; };
		A19FE6F81C1446C000215741 /* AppDelegate.swift */ = {isa = PBXFileReference; lastKnownFileType = sourcecode.swift; path = AppDelegate.swift; sourceTree = "<group>"; };
		A19FE6FA1C1446C000215741 /* ViewController.swift */ = {isa = PBXFileReference; lastKnownFileType = sourcecode.swift; path = ViewController.swift; sourceTree = "<group>"; };
		A19FE6FD1C1446C000215741 /* Base */ = {isa = PBXFileReference; lastKnownFileType = file.storyboard; name = Base; path = Base.lproj/Main.storyboard; sourceTree = "<group>"; };
		A19FE6FF1C1446C000215741 /* Assets.xcassets */ = {isa = PBXFileReference; lastKnownFileType = folder.assetcatalog; path = Assets.xcassets; sourceTree = "<group>"; };
		A19FE7021C1446C000215741 /* Base */ = {isa = PBXFileReference; lastKnownFileType = file.storyboard; name = Base; path = Base.lproj/LaunchScreen.storyboard; sourceTree = "<group>"; };
		A19FE7041C1446C000215741 /* Info.plist */ = {isa = PBXFileReference; lastKnownFileType = text.plist.xml; path = Info.plist; sourceTree = "<group>"; };
		A19FE7091C1446C000215741 /* UnitTestExampleTests.xctest */ = {isa = PBXFileReference; explicitFileType = wrapper.cfbundle; includeInIndex = 0; path = UnitTestExampleTests.xctest; sourceTree = BUILT_PRODUCTS_DIR; };
		A19FE70D1C1446C000215741 /* UnitTestExampleTests.swift */ = {isa = PBXFileReference; lastKnownFileType = sourcecode.swift; path = UnitTestExampleTests.swift; sourceTree = "<group>"; };
		A19FE70F1C1446C000215741 /* Info.plist */ = {isa = PBXFileReference; lastKnownFileType = text.plist.xml; path = Info.plist; sourceTree = "<group>"; };
		A19FE7181C146A8500215741 /* ViewControllerTests.swift */ = {isa = PBXFileReference; fileEncoding = 4; lastKnownFileType = sourcecode.swift; path = ViewControllerTests.swift; sourceTree = "<group>"; };
		A19FE71C1C146BFE00215741 /* CalculatorTests.swift */ = {isa = PBXFileReference; fileEncoding = 4; lastKnownFileType = sourcecode.swift; path = CalculatorTests.swift; sourceTree = "<group>"; };
/* End PBXFileReference section */

/* Begin PBXFrameworksBuildPhase section */
		A19FE6F21C1446C000215741 /* Frameworks */ = {
			isa = PBXFrameworksBuildPhase;
			buildActionMask = 2147483647;
			files = (
			);
			runOnlyForDeploymentPostprocessing = 0;
		};
		A19FE7061C1446C000215741 /* Frameworks */ = {
			isa = PBXFrameworksBuildPhase;
			buildActionMask = 2147483647;
			files = (
			);
			runOnlyForDeploymentPostprocessing = 0;
		};
/* End PBXFrameworksBuildPhase section */

/* Begin PBXGroup section */
		A19FE6EC1C1446C000215741 = {
			isa = PBXGroup;
			children = (
				A19FE6F71C1446C000215741 /* UnitTestExample */,
				A19FE70C1C1446C000215741 /* UnitTestExampleTests */,
				A19FE6F61C1446C000215741 /* Products */,
			);
			sourceTree = "<group>";
		};
		A19FE6F61C1446C000215741 /* Products */ = {
			isa = PBXGroup;
			children = (
				A19FE6F51C1446C000215741 /* UnitTestExample.app */,
				A19FE7091C1446C000215741 /* UnitTestExampleTests.xctest */,
			);
			name = Products;
			sourceTree = "<group>";
		};
		A19FE6F71C1446C000215741 /* UnitTestExample */ = {
			isa = PBXGroup;
			children = (
				A19FE6F81C1446C000215741 /* AppDelegate.swift */,
				A19FE6FA1C1446C000215741 /* ViewController.swift */,
				A19FE6FC1C1446C000215741 /* Main.storyboard */,
				A19FE6FF1C1446C000215741 /* Assets.xcassets */,
				A19FE7011C1446C000215741 /* LaunchScreen.storyboard */,
				A19FE7041C1446C000215741 /* Info.plist */,
				A10BC1441C15B72D0053C6AF /* Calculator.swift */,
				A10BC1461C15BC510053C6AF /* AppApearance.swift */,
			);
			path = UnitTestExample;
			sourceTree = "<group>";
		};
		A19FE70C1C1446C000215741 /* UnitTestExampleTests */ = {
			isa = PBXGroup;
			children = (
				A19FE70D1C1446C000215741 /* UnitTestExampleTests.swift */,
				A19FE70F1C1446C000215741 /* Info.plist */,
				A19FE7181C146A8500215741 /* ViewControllerTests.swift */,
				A19FE71C1C146BFE00215741 /* CalculatorTests.swift */,
			);
			path = UnitTestExampleTests;
			sourceTree = "<group>";
		};
/* End PBXGroup section */

/* Begin PBXNativeTarget section */
		A19FE6F41C1446C000215741 /* UnitTestExample */ = {
			isa = PBXNativeTarget;
			buildConfigurationList = A19FE7121C1446C000215741 /* Build configuration list for PBXNativeTarget "UnitTestExample" */;
			buildPhases = (
				A19FE6F11C1446C000215741 /* Sources */,
				A19FE6F21C1446C000215741 /* Frameworks */,
				A19FE6F31C1446C000215741 /* Resources */,
			);
			buildRules = (
			);
			dependencies = (
			);
			name = UnitTestExample;
			productName = UnitTestExample;
			productReference = A19FE6F51C1446C000215741 /* UnitTestExample.app */;
			productType = "com.apple.product-type.application";
		};
		A19FE7081C1446C000215741 /* UnitTestExampleTests */ = {
			isa = PBXNativeTarget;
			buildConfigurationList = A19FE7151C1446C000215741 /* Build configuration list for PBXNativeTarget "UnitTestExampleTests" */;
			buildPhases = (
				A19FE7051C1446C000215741 /* Sources */,
				A19FE7061C1446C000215741 /* Frameworks */,
				A19FE7071C1446C000215741 /* Resources */,
			);
			buildRules = (
			);
			dependencies = (
				A19FE70B1C1446C000215741 /* PBXTargetDependency */,
			);
			name = UnitTestExampleTests;
			productName = UnitTestExampleTests;
			productReference = A19FE7091C1446C000215741 /* UnitTestExampleTests.xctest */;
			productType = "com.apple.product-type.bundle.unit-test";
		};
/* End PBXNativeTarget section */

/* Begin PBXProject section */
		A19FE6ED1C1446C000215741 /* Project object */ = {
			isa = PBXProject;
			attributes = {
				LastSwiftUpdateCheck = 0710;
				LastUpgradeCheck = 0710;
				ORGANIZATIONNAME = "Mindaugas Vaiciunas";
				TargetAttributes = {
					A19FE6F41C1446C000215741 = {
						CreatedOnToolsVersion = 7.1.1;
					};
					A19FE7081C1446C000215741 = {
						CreatedOnToolsVersion = 7.1.1;
						TestTargetID = A19FE6F41C1446C000215741;
					};
				};
			};
			buildConfigurationList = A19FE6F01C1446C000215741 /* Build configuration list for PBXProject "UnitTestExample" */;
			compatibilityVersion = "Xcode 3.2";
			developmentRegion = English;
			hasScannedForEncodings = 0;
			knownRegions = (
				en,
				Base,
			);
			mainGroup = A19FE6EC1C1446C000215741;
			productRefGroup = A19FE6F61C1446C000215741 /* Products */;
			projectDirPath = "";
			projectRoot = "";
			targets = (
				A19FE6F41C1446C000215741 /* UnitTestExample */,
				A19FE7081C1446C000215741 /* UnitTestExampleTests */,
			);
		};
/* End PBXProject section */

/* Begin PBXResourcesBuildPhase section */
		A19FE6F31C1446C000215741 /* Resources */ = {
			isa = PBXResourcesBuildPhase;
			buildActionMask = 2147483647;
			files = (
				A19FE7031C1446C000215741 /* LaunchScreen.storyboard in Resources */,
				A19FE7001C1446C000215741 /* Assets.xcassets in Resources */,
				A19FE6FE1C1446C000215741 /* Main.storyboard in Resources */,
			);
			runOnlyForDeploymentPostprocessing = 0;
		};
		A19FE7071C1446C000215741 /* Resources */ = {
			isa = PBXResourcesBuildPhase;
			buildActionMask = 2147483647;
			files = (
			);
			runOnlyForDeploymentPostprocessing = 0;
		};
/* End PBXResourcesBuildPhase section */

/* Begin PBXSourcesBuildPhase section */
		A19FE6F11C1446C000215741 /* Sources */ = {
			isa = PBXSourcesBuildPhase;
			buildActionMask = 2147483647;
			files = (
				A19FE6FB1C1446C000215741 /* ViewController.swift in Sources */,
				A19FE6F91C1446C000215741 /* AppDelegate.swift in Sources */,
				A10BC1471C15BC510053C6AF /* AppApearance.swift in Sources */,
				A10BC1451C15B72D0053C6AF /* Calculator.swift in Sources */,
			);
			runOnlyForDeploymentPostprocessing = 0;
		};
		A19FE7051C1446C000215741 /* Sources */ = {
			isa = PBXSourcesBuildPhase;
			buildActionMask = 2147483647;
			files = (
				A19FE7191C146A8500215741 /* ViewControllerTests.swift in Sources */,
				A19FE71D1C146BFE00215741 /* CalculatorTests.swift in Sources */,
				A19FE70E1C1446C000215741 /* UnitTestExampleTests.swift in Sources */,
			);
			runOnlyForDeploymentPostprocessing = 0;
		};
/* End PBXSourcesBuildPhase section */

/* Begin PBXTargetDependency section */
		A19FE70B1C1446C000215741 /* PBXTargetDependency */ = {
			isa = PBXTargetDependency;
			target = A19FE6F41C1446C000215741 /* UnitTestExample */;
			targetProxy = A19FE70A1C1446C000215741 /* PBXContainerItemProxy */;
		};
/* End PBXTargetDependency section */

/* Begin PBXVariantGroup section */
		A19FE6FC1C1446C000215741 /* Main.storyboard */ = {
			isa = PBXVariantGroup;
			children = (
				A19FE6FD1C1446C000215741 /* Base */,
			);
			name = Main.storyboard;
			sourceTree = "<group>";
		};
		A19FE7011C1446C000215741 /* LaunchScreen.storyboard */ = {
			isa = PBXVariantGroup;
			children = (
				A19FE7021C1446C000215741 /* Base */,
			);
			name = LaunchScreen.storyboard;
			sourceTree = "<group>";
		};
/* End PBXVariantGroup section */

/* Begin XCBuildConfiguration section */
		A19FE7101C1446C000215741 /* Debug */ = {
			isa = XCBuildConfiguration;
			buildSettings = {
				ALWAYS_SEARCH_USER_PATHS = NO;
				CLANG_CXX_LANGUAGE_STANDARD = "gnu++0x";
				CLANG_CXX_LIBRARY = "libc++";
				CLANG_ENABLE_MODULES = YES;
				CLANG_ENABLE_OBJC_ARC = YES;
				CLANG_WARN_BOOL_CONVERSION = YES;
				CLANG_WARN_CONSTANT_CONVERSION = YES;
				CLANG_WARN_DIRECT_OBJC_ISA_USAGE = YES_ERROR;
				CLANG_WARN_EMPTY_BODY = YES;
				CLANG_WARN_ENUM_CONVERSION = YES;
				CLANG_WARN_INT_CONVERSION = YES;
				CLANG_WARN_OBJC_ROOT_CLASS = YES_ERROR;
				CLANG_WARN_UNREACHABLE_CODE = YES;
				CLANG_WARN__DUPLICATE_METHOD_MATCH = YES;
				"CODE_SIGN_IDENTITY[sdk=iphoneos*]" = "iPhone Developer";
				COPY_PHASE_STRIP = NO;
				DEBUG_INFORMATION_FORMAT = dwarf;
				ENABLE_STRICT_OBJC_MSGSEND = YES;
				ENABLE_TESTABILITY = YES;
				GCC_C_LANGUAGE_STANDARD = gnu99;
				GCC_DYNAMIC_NO_PIC = NO;
				GCC_NO_COMMON_BLOCKS = YES;
				GCC_OPTIMIZATION_LEVEL = 0;
				GCC_PREPROCESSOR_DEFINITIONS = (
					"DEBUG=1",
					"$(inherited)",
				);
				GCC_WARN_64_TO_32_BIT_CONVERSION = YES;
				GCC_WARN_ABOUT_RETURN_TYPE = YES_ERROR;
				GCC_WARN_UNDECLARED_SELECTOR = YES;
				GCC_WARN_UNINITIALIZED_AUTOS = YES_AGGRESSIVE;
				GCC_WARN_UNUSED_FUNCTION = YES;
				GCC_WARN_UNUSED_VARIABLE = YES;
				IPHONEOS_DEPLOYMENT_TARGET = 9.1;
				MTL_ENABLE_DEBUG_INFO = YES;
				ONLY_ACTIVE_ARCH = YES;
				SDKROOT = iphoneos;
				SWIFT_OPTIMIZATION_LEVEL = "-Onone";
			};
			name = Debug;
		};
		A19FE7111C1446C000215741 /* Release */ = {
			isa = XCBuildConfiguration;
			buildSettings = {
				ALWAYS_SEARCH_USER_PATHS = NO;
				CLANG_CXX_LANGUAGE_STANDARD = "gnu++0x";
				CLANG_CXX_LIBRARY = "libc++";
				CLANG_ENABLE_MODULES = YES;
				CLANG_ENABLE_OBJC_ARC = YES;
				CLANG_WARN_BOOL_CONVERSION = YES;
				CLANG_WARN_CONSTANT_CONVERSION = YES;
				CLANG_WARN_DIRECT_OBJC_ISA_USAGE = YES_ERROR;
				CLANG_WARN_EMPTY_BODY = YES;
				CLANG_WARN_ENUM_CONVERSION = YES;
				CLANG_WARN_INT_CONVERSION = YES;
				CLANG_WARN_OBJC_ROOT_CLASS = YES_ERROR;
				CLANG_WARN_UNREACHABLE_CODE = YES;
				CLANG_WARN__DUPLICATE_METHOD_MATCH = YES;
				"CODE_SIGN_IDENTITY[sdk=iphoneos*]" = "iPhone Developer";
				COPY_PHASE_STRIP = NO;
				DEBUG_INFORMATION_FORMAT = "dwarf-with-dsym";
				ENABLE_NS_ASSERTIONS = NO;
				ENABLE_STRICT_OBJC_MSGSEND = YES;
				GCC_C_LANGUAGE_STANDARD = gnu99;
				GCC_NO_COMMON_BLOCKS = YES;
				GCC_WARN_64_TO_32_BIT_CONVERSION = YES;
				GCC_WARN_ABOUT_RETURN_TYPE = YES_ERROR;
				GCC_WARN_UNDECLARED_SELECTOR = YES;
				GCC_WARN_UNINITIALIZED_AUTOS = YES_AGGRESSIVE;
				GCC_WARN_UNUSED_FUNCTION = YES;
				GCC_WARN_UNUSED_VARIABLE = YES;
				IPHONEOS_DEPLOYMENT_TARGET = 9.1;
				MTL_ENABLE_DEBUG_INFO = NO;
				SDKROOT = iphoneos;
				VALIDATE_PRODUCT = YES;
			};
			name = Release;
		};
		A19FE7131C1446C000215741 /* Debug */ = {
			isa = XCBuildConfiguration;
			buildSettings = {
				ASSETCATALOG_COMPILER_APPICON_NAME = AppIcon;
				INFOPLIST_FILE = UnitTestExample/Info.plist;
				LD_RUNPATH_SEARCH_PATHS = "$(inherited) @executable_path/Frameworks";
				PRODUCT_BUNDLE_IDENTIFIER = lt.mvaiciunas.UnitTestExample;
				PRODUCT_NAME = "$(TARGET_NAME)";
			};
			name = Debug;
		};
		A19FE7141C1446C000215741 /* Release */ = {
			isa = XCBuildConfiguration;
			buildSettings = {
				ASSETCATALOG_COMPILER_APPICON_NAME = AppIcon;
				INFOPLIST_FILE = UnitTestExample/Info.plist;
				LD_RUNPATH_SEARCH_PATHS = "$(inherited) @executable_path/Frameworks";
				PRODUCT_BUNDLE_IDENTIFIER = lt.mvaiciunas.UnitTestExample;
				PRODUCT_NAME = "$(TARGET_NAME)";
			};
			name = Release;
		};
		A19FE7161C1446C000215741 /* Debug */ = {
			isa = XCBuildConfiguration;
			buildSettings = {
				BUNDLE_LOADER = "$(TEST_HOST)";
				INFOPLIST_FILE = UnitTestExampleTests/Info.plist;
				LD_RUNPATH_SEARCH_PATHS = "$(inherited) @executable_path/Frameworks @loader_path/Frameworks";
				PRODUCT_BUNDLE_IDENTIFIER = lt.mvaiciunas.UnitTestExampleTests;
				PRODUCT_NAME = "$(TARGET_NAME)";
				TEST_HOST = "$(BUILT_PRODUCTS_DIR)/UnitTestExample.app/UnitTestExample";
			};
			name = Debug;
		};
		A19FE7171C1446C000215741 /* Release */ = {
			isa = XCBuildConfiguration;
			buildSettings = {
				BUNDLE_LOADER = "$(TEST_HOST)";
				INFOPLIST_FILE = UnitTestExampleTests/Info.plist;
				LD_RUNPATH_SEARCH_PATHS = "$(inherited) @executable_path/Frameworks @loader_path/Frameworks";
				PRODUCT_BUNDLE_IDENTIFIER = lt.mvaiciunas.UnitTestExampleTests;
				PRODUCT_NAME = "$(TARGET_NAME)";
				TEST_HOST = "$(BUILT_PRODUCTS_DIR)/UnitTestExample.app/UnitTestExample";
			};
			name = Release;
		};
/* End XCBuildConfiguration section */

/* Begin XCConfigurationList section */
		A19FE6F01C1446C000215741 /* Build configuration list for PBXProject "UnitTestExample" */ = {
			isa = XCConfigurationList;
			buildConfigurations = (
				A19FE7101C1446C000215741 /* Debug */,
				A19FE7111C1446C000215741 /* Release */,
			);
			defaultConfigurationIsVisible = 0;
			defaultConfigurationName = Release;
		};
		A19FE7121C1446C000215741 /* Build configuration list for PBXNativeTarget "UnitTestExample" */ = {
			isa = XCConfigurationList;
			buildConfigurations = (
				A19FE7131C1446C000215741 /* Debug */,
				A19FE7141C1446C000215741 /* Release */,
			);
			defaultConfigurationIsVisible = 0;
			defaultConfigurationName = Release;
		};
		A19FE7151C1446C000215741 /* Build configuration list for PBXNativeTarget "UnitTestExampleTests" */ = {
			isa = XCConfigurationList;
			buildConfigurations = (
				A19FE7161C1446C000215741 /* Debug */,
				A19FE7171C1446C000215741 /* Release */,
			);
			defaultConfigurationIsVisible = 0;
			defaultConfigurationName = Release;
		};
/* End XCConfigurationList section */
	};
	rootObject = A19FE6ED1C1446C000215741 /* Project object */;
}
